// !$*UTF8*$!
{
	archiveVersion = 1;
	classes = {
	};
	objectVersion = 46;
	objects = {

/* Begin PBXBuildFile section */
		3B3833A3250218C900195410 /* HttpTool.swift in Sources */ = {isa = PBXBuildFile; fileRef = 3B3833A2250218C900195410 /* HttpTool.swift */; };
		3B3833A525021F0900195410 /* RedViewController.swift in Sources */ = {isa = PBXBuildFile; fileRef = 3B3833A425021F0900195410 /* RedViewController.swift */; };
		3BA874652508C984006710BC /* Main.storyboard in Resources */ = {isa = PBXBuildFile; fileRef = 3BA874642508C984006710BC /* Main.storyboard */; };
		3BA874672508CF8A006710BC /* Home.storyboard in Resources */ = {isa = PBXBuildFile; fileRef = 3BA874662508CF8A006710BC /* Home.storyboard */; };
		3BA874692508D018006710BC /* Message.storyboard in Resources */ = {isa = PBXBuildFile; fileRef = 3BA874682508D018006710BC /* Message.storyboard */; };
		3BA8746B2508D060006710BC /* Discovery.storyboard in Resources */ = {isa = PBXBuildFile; fileRef = 3BA8746A2508D060006710BC /* Discovery.storyboard */; };
		3BA8746D2508D077006710BC /* Profile.storyboard in Resources */ = {isa = PBXBuildFile; fileRef = 3BA8746C2508D077006710BC /* Profile.storyboard */; };
		3BA8746F2508D18E006710BC /* Launch Screen.storyboard in Resources */ = {isa = PBXBuildFile; fileRef = 3BA8746E2508D18E006710BC /* Launch Screen.storyboard */; };
		3BA874AD2508F6C9006710BC /* Null.storyboard in Resources */ = {isa = PBXBuildFile; fileRef = 3BA874AC2508F6C9006710BC /* Null.storyboard */; };
		3BA874B12509019E006710BC /* UIButton-Extension.swift in Sources */ = {isa = PBXBuildFile; fileRef = 3BA874B02509019E006710BC /* UIButton-Extension.swift */; };
		CC10E7321E07217700DF6DE7 /* Assets.xcassets in Resources */ = {isa = PBXBuildFile; fileRef = CC10E7311E07217700DF6DE7 /* Assets.xcassets */; };
		CC10E73F1E076D0500DF6DE7 /* MainViewController.swift in Sources */ = {isa = PBXBuildFile; fileRef = CC10E73E1E076D0500DF6DE7 /* MainViewController.swift */; };
		CC10E7411E076D1600DF6DE7 /* ProfileViewController.swift in Sources */ = {isa = PBXBuildFile; fileRef = CC10E7401E076D1600DF6DE7 /* ProfileViewController.swift */; };
		CC10E7431E076D2C00DF6DE7 /* DiscoverViewController.swift in Sources */ = {isa = PBXBuildFile; fileRef = CC10E7421E076D2C00DF6DE7 /* DiscoverViewController.swift */; };
		CC10E7451E076D3A00DF6DE7 /* MessageViewController.swift in Sources */ = {isa = PBXBuildFile; fileRef = CC10E7441E076D3A00DF6DE7 /* MessageViewController.swift */; };
		CC10E7471E076D4400DF6DE7 /* HomeViewController.swift in Sources */ = {isa = PBXBuildFile; fileRef = CC10E7461E076D4400DF6DE7 /* HomeViewController.swift */; };
		CC10E74C1E08029C00DF6DE7 /* MainVCSettings.json in Resources */ = {isa = PBXBuildFile; fileRef = CC10E74B1E08029C00DF6DE7 /* MainVCSettings.json */; };
		CC8C1F0E1E06C5AC00FF3B3E /* AppDelegate.swift in Sources */ = {isa = PBXBuildFile; fileRef = CC8C1F0D1E06C5AC00FF3B3E /* AppDelegate.swift */; };
/* End PBXBuildFile section */

/* Begin PBXFileReference section */
		3B3833A2250218C900195410 /* HttpTool.swift */ = {isa = PBXFileReference; lastKnownFileType = sourcecode.swift; path = HttpTool.swift; sourceTree = "<group>"; };
		3B3833A425021F0900195410 /* RedViewController.swift */ = {isa = PBXFileReference; lastKnownFileType = sourcecode.swift; path = RedViewController.swift; sourceTree = "<group>"; };
		3BA874642508C984006710BC /* Main.storyboard */ = {isa = PBXFileReference; lastKnownFileType = file.storyboard; path = Main.storyboard; sourceTree = "<group>"; };
		3BA874662508CF8A006710BC /* Home.storyboard */ = {isa = PBXFileReference; fileEncoding = 4; lastKnownFileType = file.storyboard; path = Home.storyboard; sourceTree = "<group>"; };
		3BA874682508D018006710BC /* Message.storyboard */ = {isa = PBXFileReference; fileEncoding = 4; lastKnownFileType = file.storyboard; path = Message.storyboard; sourceTree = "<group>"; };
		3BA8746A2508D060006710BC /* Discovery.storyboard */ = {isa = PBXFileReference; fileEncoding = 4; lastKnownFileType = file.storyboard; path = Discovery.storyboard; sourceTree = "<group>"; };
		3BA8746C2508D077006710BC /* Profile.storyboard */ = {isa = PBXFileReference; fileEncoding = 4; lastKnownFileType = file.storyboard; path = Profile.storyboard; sourceTree = "<group>"; };
		3BA8746E2508D18E006710BC /* Launch Screen.storyboard */ = {isa = PBXFileReference; lastKnownFileType = file.storyboard; path = "Launch Screen.storyboard"; sourceTree = "<group>"; };
		3BA874AC2508F6C9006710BC /* Null.storyboard */ = {isa = PBXFileReference; fileEncoding = 4; lastKnownFileType = file.storyboard; path = Null.storyboard; sourceTree = "<group>"; };
		3BA874B02509019E006710BC /* UIButton-Extension.swift */ = {isa = PBXFileReference; lastKnownFileType = sourcecode.swift; path = "UIButton-Extension.swift"; sourceTree = "<group>"; };
		CC10E7311E07217700DF6DE7 /* Assets.xcassets */ = {isa = PBXFileReference; lastKnownFileType = folder.assetcatalog; path = Assets.xcassets; sourceTree = "<group>"; };
		CC10E73E1E076D0500DF6DE7 /* MainViewController.swift */ = {isa = PBXFileReference; fileEncoding = 4; lastKnownFileType = sourcecode.swift; path = MainViewController.swift; sourceTree = "<group>"; };
		CC10E7401E076D1600DF6DE7 /* ProfileViewController.swift */ = {isa = PBXFileReference; fileEncoding = 4; lastKnownFileType = sourcecode.swift; path = ProfileViewController.swift; sourceTree = "<group>"; };
		CC10E7421E076D2C00DF6DE7 /* DiscoverViewController.swift */ = {isa = PBXFileReference; fileEncoding = 4; lastKnownFileType = sourcecode.swift; path = DiscoverViewController.swift; sourceTree = "<group>"; };
		CC10E7441E076D3A00DF6DE7 /* MessageViewController.swift */ = {isa = PBXFileReference; fileEncoding = 4; lastKnownFileType = sourcecode.swift; path = MessageViewController.swift; sourceTree = "<group>"; };
		CC10E7461E076D4400DF6DE7 /* HomeViewController.swift */ = {isa = PBXFileReference; fileEncoding = 4; lastKnownFileType = sourcecode.swift; path = HomeViewController.swift; sourceTree = "<group>"; };
		CC10E74B1E08029C00DF6DE7 /* MainVCSettings.json */ = {isa = PBXFileReference; fileEncoding = 4; lastKnownFileType = text.json; path = MainVCSettings.json; sourceTree = "<group>"; };
		CC8C1F0A1E06C5AC00FF3B3E /* 微博2.app */ = {isa = PBXFileReference; explicitFileType = wrapper.application; includeInIndex = 0; path = "微博2.app"; sourceTree = BUILT_PRODUCTS_DIR; };
		CC8C1F0D1E06C5AC00FF3B3E /* AppDelegate.swift */ = {isa = PBXFileReference; lastKnownFileType = sourcecode.swift; path = AppDelegate.swift; sourceTree = "<group>"; };
		CC8C1F191E06C5AC00FF3B3E /* Info.plist */ = {isa = PBXFileReference; lastKnownFileType = text.plist.xml; path = Info.plist; sourceTree = "<group>"; };
/* End PBXFileReference section */

/* Begin PBXFrameworksBuildPhase section */
		CC8C1F071E06C5AC00FF3B3E /* Frameworks */ = {
			isa = PBXFrameworksBuildPhase;
			buildActionMask = 2147483647;
			files = (
			);
			runOnlyForDeploymentPostprocessing = 0;
		};
/* End PBXFrameworksBuildPhase section */

/* Begin PBXGroup section */
		3B97440D211B4BD0004ECDDF /* Supporting Files */ = {
			isa = PBXGroup;
			children = (
				CC8C1F0D1E06C5AC00FF3B3E /* AppDelegate.swift */,
				CC10E7311E07217700DF6DE7 /* Assets.xcassets */,
				CC8C1F191E06C5AC00FF3B3E /* Info.plist */,
			);
			path = "Supporting Files";
			sourceTree = "<group>";
		};
		CC10E7381E0724CC00DF6DE7 /* Classes */ = {
			isa = PBXGroup;
			children = (
				CC10E73A1E0724CC00DF6DE7 /* Home(首页) */,
				CC10E73C1E0724CC00DF6DE7 /* Message(消息) */,
				CC10E7391E0724CC00DF6DE7 /* Discover(广场) */,
				CC10E73D1E0724CC00DF6DE7 /* Profile(我的) */,
				CC10E73B1E0724CC00DF6DE7 /* Main(主要) */,
				CC6033821EE8454C0084A29A /* Other(其它) */,
			);
			path = Classes;
			sourceTree = "<group>";
		};
		CC10E7391E0724CC00DF6DE7 /* Discover(广场) */ = {
			isa = PBXGroup;
			children = (
				CC10E7421E076D2C00DF6DE7 /* DiscoverViewController.swift */,
				3BA8746A2508D060006710BC /* Discovery.storyboard */,
				3B3833A425021F0900195410 /* RedViewController.swift */,
				3B3833A2250218C900195410 /* HttpTool.swift */,
			);
			path = "Discover(广场)";
			sourceTree = "<group>";
		};
		CC10E73A1E0724CC00DF6DE7 /* Home(首页) */ = {
			isa = PBXGroup;
			children = (
				CC10E7461E076D4400DF6DE7 /* HomeViewController.swift */,
				3BA874662508CF8A006710BC /* Home.storyboard */,
			);
			path = "Home(首页)";
			sourceTree = "<group>";
		};
		CC10E73B1E0724CC00DF6DE7 /* Main(主要) */ = {
			isa = PBXGroup;
			children = (
				CC10E74A1E08029C00DF6DE7 /* Resource */,
				CC10E73E1E076D0500DF6DE7 /* MainViewController.swift */,
				3BA874B02509019E006710BC /* UIButton-Extension.swift */,
			);
			path = "Main(主要)";
			sourceTree = "<group>";
		};
		CC10E73C1E0724CC00DF6DE7 /* Message(消息) */ = {
			isa = PBXGroup;
			children = (
				CC10E7441E076D3A00DF6DE7 /* MessageViewController.swift */,
				3BA874682508D018006710BC /* Message.storyboard */,
			);
			path = "Message(消息)";
			sourceTree = "<group>";
		};
		CC10E73D1E0724CC00DF6DE7 /* Profile(我的) */ = {
			isa = PBXGroup;
			children = (
				CC10E7401E076D1600DF6DE7 /* ProfileViewController.swift */,
				3BA8746C2508D077006710BC /* Profile.storyboard */,
			);
			path = "Profile(我的)";
			sourceTree = "<group>";
		};
		CC10E74A1E08029C00DF6DE7 /* Resource */ = {
			isa = PBXGroup;
			children = (
				CC10E74B1E08029C00DF6DE7 /* MainVCSettings.json */,
			);
			path = Resource;
			sourceTree = "<group>";
		};
		CC6033821EE8454C0084A29A /* Other(其它) */ = {
			isa = PBXGroup;
			children = (
				3BA874642508C984006710BC /* Main.storyboard */,
				3BA874AC2508F6C9006710BC /* Null.storyboard */,
				3BA8746E2508D18E006710BC /* Launch Screen.storyboard */,
			);
			path = "Other(其它)";
			sourceTree = "<group>";
		};
		CC8C1F011E06C5AC00FF3B3E = {
			isa = PBXGroup;
			children = (
				CC8C1F0C1E06C5AC00FF3B3E /* MGWeiBo2 */,
				CC8C1F0B1E06C5AC00FF3B3E /* Products */,
			);
			sourceTree = "<group>";
		};
		CC8C1F0B1E06C5AC00FF3B3E /* Products */ = {
			isa = PBXGroup;
			children = (
				CC8C1F0A1E06C5AC00FF3B3E /* 微博2.app */,
			);
			name = Products;
			sourceTree = "<group>";
		};
		CC8C1F0C1E06C5AC00FF3B3E /* MGWeiBo2 */ = {
			isa = PBXGroup;
			children = (
				CC10E7381E0724CC00DF6DE7 /* Classes */,
				3B97440D211B4BD0004ECDDF /* Supporting Files */,
			);
			path = MGWeiBo2;
			sourceTree = "<group>";
		};
/* End PBXGroup section */

/* Begin PBXNativeTarget section */
		CC8C1F091E06C5AC00FF3B3E /* MGWeiBo2 */ = {
			isa = PBXNativeTarget;
			buildConfigurationList = CC8C1F1C1E06C5AC00FF3B3E /* Build configuration list for PBXNativeTarget "MGWeiBo2" */;
			buildPhases = (
				CC8C1F061E06C5AC00FF3B3E /* Sources */,
				CC8C1F071E06C5AC00FF3B3E /* Frameworks */,
				CC8C1F081E06C5AC00FF3B3E /* Resources */,
			);
			buildRules = (
			);
			dependencies = (
			);
			name = MGWeiBo2;
			productName = MGWeiBo2;
			productReference = CC8C1F0A1E06C5AC00FF3B3E /* 微博2.app */;
			productType = "com.apple.product-type.application";
		};
/* End PBXNativeTarget section */

/* Begin PBXProject section */
		CC8C1F021E06C5AC00FF3B3E /* Project object */ = {
			isa = PBXProject;
			attributes = {
				LastSwiftUpdateCheck = 0820;
				LastUpgradeCheck = 1170;
				ORGANIZATIONNAME = "穆良";
				TargetAttributes = {
					CC8C1F091E06C5AC00FF3B3E = {
						CreatedOnToolsVersion = 8.2;
						DevelopmentTeam = YEH9VENLMS;
						ProvisioningStyle = Automatic;
					};
				};
			};
			buildConfigurationList = CC8C1F051E06C5AC00FF3B3E /* Build configuration list for PBXProject "MGWeiBo2" */;
			compatibilityVersion = "Xcode 3.2";
			developmentRegion = en;
			hasScannedForEncodings = 0;
			knownRegions = (
				en,
				Base,
			);
			mainGroup = CC8C1F011E06C5AC00FF3B3E;
			productRefGroup = CC8C1F0B1E06C5AC00FF3B3E /* Products */;
			projectDirPath = "";
			projectRoot = "";
			targets = (
				CC8C1F091E06C5AC00FF3B3E /* MGWeiBo2 */,
			);
		};
/* End PBXProject section */

/* Begin PBXResourcesBuildPhase section */
		CC8C1F081E06C5AC00FF3B3E /* Resources */ = {
			isa = PBXResourcesBuildPhase;
			buildActionMask = 2147483647;
			files = (
				CC10E7321E07217700DF6DE7 /* Assets.xcassets in Resources */,
				CC10E74C1E08029C00DF6DE7 /* MainVCSettings.json in Resources */,
				3BA8746F2508D18E006710BC /* Launch Screen.storyboard in Resources */,
				3BA874692508D018006710BC /* Message.storyboard in Resources */,
				3BA874652508C984006710BC /* Main.storyboard in Resources */,
				3BA874AD2508F6C9006710BC /* Null.storyboard in Resources */,
				3BA874672508CF8A006710BC /* Home.storyboard in Resources */,
				3BA8746D2508D077006710BC /* Profile.storyboard in Resources */,
				3BA8746B2508D060006710BC /* Discovery.storyboard in Resources */,
			);
			runOnlyForDeploymentPostprocessing = 0;
		};
/* End PBXResourcesBuildPhase section */

/* Begin PBXSourcesBuildPhase section */
		CC8C1F061E06C5AC00FF3B3E /* Sources */ = {
			isa = PBXSourcesBuildPhase;
			buildActionMask = 2147483647;
			files = (
				CC10E73F1E076D0500DF6DE7 /* MainViewController.swift in Sources */,
				3BA874B12509019E006710BC /* UIButton-Extension.swift in Sources */,
				CC10E7411E076D1600DF6DE7 /* ProfileViewController.swift in Sources */,
				CC8C1F0E1E06C5AC00FF3B3E /* AppDelegate.swift in Sources */,
				CC10E7451E076D3A00DF6DE7 /* MessageViewController.swift in Sources */,
				3B3833A525021F0900195410 /* RedViewController.swift in Sources */,
				CC10E7471E076D4400DF6DE7 /* HomeViewController.swift in Sources */,
				CC10E7431E076D2C00DF6DE7 /* DiscoverViewController.swift in Sources */,
				3B3833A3250218C900195410 /* HttpTool.swift in Sources */,
			);
			runOnlyForDeploymentPostprocessing = 0;
		};
/* End PBXSourcesBuildPhase section */

/* Begin XCBuildConfiguration section */
		CC8C1F1A1E06C5AC00FF3B3E /* Debug */ = {
			isa = XCBuildConfiguration;
			buildSettings = {
				ALWAYS_SEARCH_USER_PATHS = NO;
				CLANG_ANALYZER_LOCALIZABILITY_NONLOCALIZED = YES;
				CLANG_ANALYZER_NONNULL = YES;
				CLANG_CXX_LANGUAGE_STANDARD = "gnu++0x";
				CLANG_CXX_LIBRARY = "libc++";
				CLANG_ENABLE_MODULES = YES;
				CLANG_ENABLE_OBJC_ARC = YES;
				CLANG_WARN_BLOCK_CAPTURE_AUTORELEASING = YES;
				CLANG_WARN_BOOL_CONVERSION = YES;
				CLANG_WARN_COMMA = YES;
				CLANG_WARN_CONSTANT_CONVERSION = YES;
				CLANG_WARN_DEPRECATED_OBJC_IMPLEMENTATIONS = YES;
				CLANG_WARN_DIRECT_OBJC_ISA_USAGE = YES_ERROR;
				CLANG_WARN_DOCUMENTATION_COMMENTS = YES;
				CLANG_WARN_EMPTY_BODY = YES;
				CLANG_WARN_ENUM_CONVERSION = YES;
				CLANG_WARN_INFINITE_RECURSION = YES;
				CLANG_WARN_INT_CONVERSION = YES;
				CLANG_WARN_NON_LITERAL_NULL_CONVERSION = YES;
				CLANG_WARN_OBJC_IMPLICIT_RETAIN_SELF = YES;
				CLANG_WARN_OBJC_LITERAL_CONVERSION = YES;
				CLANG_WARN_OBJC_ROOT_CLASS = YES_ERROR;
				CLANG_WARN_RANGE_LOOP_ANALYSIS = YES;
				CLANG_WARN_STRICT_PROTOTYPES = YES;
				CLANG_WARN_SUSPICIOUS_MOVE = YES;
				CLANG_WARN_UNREACHABLE_CODE = YES;
				CLANG_WARN__DUPLICATE_METHOD_MATCH = YES;
				"CODE_SIGN_IDENTITY[sdk=iphoneos*]" = "iPhone Developer";
				COPY_PHASE_STRIP = NO;
				DEBUG_INFORMATION_FORMAT = dwarf;
				ENABLE_STRICT_OBJC_MSGSEND = YES;
				ENABLE_TESTABILITY = YES;
				GCC_C_LANGUAGE_STANDARD = gnu99;
				GCC_DYNAMIC_NO_PIC = NO;
				GCC_NO_COMMON_BLOCKS = YES;
				GCC_OPTIMIZATION_LEVEL = 0;
				GCC_PREPROCESSOR_DEFINITIONS = (
					"DEBUG=1",
					"$(inherited)",
				);
				GCC_WARN_64_TO_32_BIT_CONVERSION = YES;
				GCC_WARN_ABOUT_RETURN_TYPE = YES_ERROR;
				GCC_WARN_UNDECLARED_SELECTOR = YES;
				GCC_WARN_UNINITIALIZED_AUTOS = YES_AGGRESSIVE;
				GCC_WARN_UNUSED_FUNCTION = YES;
				GCC_WARN_UNUSED_VARIABLE = YES;
				IPHONEOS_DEPLOYMENT_TARGET = 10.2;
				MTL_ENABLE_DEBUG_INFO = YES;
				ONLY_ACTIVE_ARCH = YES;
				SDKROOT = iphoneos;
				SWIFT_ACTIVE_COMPILATION_CONDITIONS = DEBUG;
				SWIFT_OPTIMIZATION_LEVEL = "-Onone";
			};
			name = Debug;
		};
		CC8C1F1B1E06C5AC00FF3B3E /* Release */ = {
			isa = XCBuildConfiguration;
			buildSettings = {
				ALWAYS_SEARCH_USER_PATHS = NO;
				CLANG_ANALYZER_LOCALIZABILITY_NONLOCALIZED = YES;
				CLANG_ANALYZER_NONNULL = YES;
				CLANG_CXX_LANGUAGE_STANDARD = "gnu++0x";
				CLANG_CXX_LIBRARY = "libc++";
				CLANG_ENABLE_MODULES = YES;
				CLANG_ENABLE_OBJC_ARC = YES;
				CLANG_WARN_BLOCK_CAPTURE_AUTORELEASING = YES;
				CLANG_WARN_BOOL_CONVERSION = YES;
				CLANG_WARN_COMMA = YES;
				CLANG_WARN_CONSTANT_CONVERSION = YES;
				CLANG_WARN_DEPRECATED_OBJC_IMPLEMENTATIONS = YES;
				CLANG_WARN_DIRECT_OBJC_ISA_USAGE = YES_ERROR;
				CLANG_WARN_DOCUMENTATION_COMMENTS = YES;
				CLANG_WARN_EMPTY_BODY = YES;
				CLANG_WARN_ENUM_CONVERSION = YES;
				CLANG_WARN_INFINITE_RECURSION = YES;
				CLANG_WARN_INT_CONVERSION = YES;
				CLANG_WARN_NON_LITERAL_NULL_CONVERSION = YES;
				CLANG_WARN_OBJC_IMPLICIT_RETAIN_SELF = YES;
				CLANG_WARN_OBJC_LITERAL_CONVERSION = YES;
				CLANG_WARN_OBJC_ROOT_CLASS = YES_ERROR;
				CLANG_WARN_RANGE_LOOP_ANALYSIS = YES;
				CLANG_WARN_STRICT_PROTOTYPES = YES;
				CLANG_WARN_SUSPICIOUS_MOVE = YES;
				CLANG_WARN_UNREACHABLE_CODE = YES;
				CLANG_WARN__DUPLICATE_METHOD_MATCH = YES;
				"CODE_SIGN_IDENTITY[sdk=iphoneos*]" = "iPhone Developer";
				COPY_PHASE_STRIP = NO;
				DEBUG_INFORMATION_FORMAT = "dwarf-with-dsym";
				ENABLE_NS_ASSERTIONS = NO;
				ENABLE_STRICT_OBJC_MSGSEND = YES;
				GCC_C_LANGUAGE_STANDARD = gnu99;
				GCC_NO_COMMON_BLOCKS = YES;
				GCC_WARN_64_TO_32_BIT_CONVERSION = YES;
				GCC_WARN_ABOUT_RETURN_TYPE = YES_ERROR;
				GCC_WARN_UNDECLARED_SELECTOR = YES;
				GCC_WARN_UNINITIALIZED_AUTOS = YES_AGGRESSIVE;
				GCC_WARN_UNUSED_FUNCTION = YES;
				GCC_WARN_UNUSED_VARIABLE = YES;
				IPHONEOS_DEPLOYMENT_TARGET = 10.2;
				MTL_ENABLE_DEBUG_INFO = NO;
				SDKROOT = iphoneos;
				SWIFT_OPTIMIZATION_LEVEL = "-Owholemodule";
				VALIDATE_PRODUCT = YES;
			};
			name = Release;
		};
		CC8C1F1D1E06C5AC00FF3B3E /* Debug */ = {
			isa = XCBuildConfiguration;
			buildSettings = {
				ASSETCATALOG_COMPILER_APPICON_NAME = AppIcon;
				ASSETCATALOG_COMPILER_LAUNCHIMAGE_NAME = "";
				CURRENT_PROJECT_VERSION = 1.2;
				DEVELOPMENT_TEAM = YEH9VENLMS;
				INFOPLIST_FILE = "MGWeiBo2/Supporting Files/Info.plist";
				IPHONEOS_DEPLOYMENT_TARGET = 9.0;
				LD_RUNPATH_SEARCH_PATHS = "$(inherited) @executable_path/Frameworks";
				MARKETING_VERSION = 1.2;
				OTHER_SWIFT_FLAGS = "-D DEBUG";
				PRODUCT_BUNDLE_IDENTIFIER = com.mg.MGWeiBo2;
				PRODUCT_NAME = "微博2";
				SWIFT_ACTIVE_COMPILATION_CONDITIONS = "";
				SWIFT_VERSION = 5.0;
			};
			name = Debug;
		};
		CC8C1F1E1E06C5AC00FF3B3E /* Release */ = {
			isa = XCBuildConfiguration;
			buildSettings = {
				ASSETCATALOG_COMPILER_APPICON_NAME = AppIcon;
				ASSETCATALOG_COMPILER_LAUNCHIMAGE_NAME = "";
				CURRENT_PROJECT_VERSION = 1.2;
				DEVELOPMENT_TEAM = YEH9VENLMS;
				INFOPLIST_FILE = "MGWeiBo2/Supporting Files/Info.plist";
				IPHONEOS_DEPLOYMENT_TARGET = 9.0;
				LD_RUNPATH_SEARCH_PATHS = "$(inherited) @executable_path/Frameworks";
				MARKETING_VERSION = 1.2;
				PRODUCT_BUNDLE_IDENTIFIER = com.mg.MGWeiBo2;
				PRODUCT_NAME = "微博2";
				SWIFT_VERSION = 5.0;
			};
			name = Release;
		};
/* End XCBuildConfiguration section */

/* Begin XCConfigurationList section */
		CC8C1F051E06C5AC00FF3B3E /* Build configuration list for PBXProject "MGWeiBo2" */ = {
			isa = XCConfigurationList;
			buildConfigurations = (
				CC8C1F1A1E06C5AC00FF3B3E /* Debug */,
				CC8C1F1B1E06C5AC00FF3B3E /* Release */,
			);
			defaultConfigurationIsVisible = 0;
			defaultConfigurationName = Release;
		};
		CC8C1F1C1E06C5AC00FF3B3E /* Build configuration list for PBXNativeTarget "MGWeiBo2" */ = {
			isa = XCConfigurationList;
			buildConfigurations = (
				CC8C1F1D1E06C5AC00FF3B3E /* Debug */,
				CC8C1F1E1E06C5AC00FF3B3E /* Release */,
			);
			defaultConfigurationIsVisible = 0;
			defaultConfigurationName = Release;
		};
/* End XCConfigurationList section */
	};
	rootObject = CC8C1F021E06C5AC00FF3B3E /* Project object */;
}
