// !$*UTF8*$!
{
	archiveVersion = 1;
	classes = {
	};
	objectVersion = 51;
	objects = {

/* Begin PBXBuildFile section */
		3B3833A3250218C900195410 /* HttpTool.swift in Sources */ = {isa = PBXBuildFile; fileRef = 3B3833A2250218C900195410 /* HttpTool.swift */; };
		3B3833A525021F0900195410 /* RedViewController.swift in Sources */ = {isa = PBXBuildFile; fileRef = 3B3833A425021F0900195410 /* RedViewController.swift */; };
		3B578FB42510D4D400C0D55C /* OAuthViewController.swift in Sources */ = {isa = PBXBuildFile; fileRef = 3B578FB22510D4D400C0D55C /* OAuthViewController.swift */; };
		3B578FB52510D4D500C0D55C /* OAuthViewController.xib in Resources */ = {isa = PBXBuildFile; fileRef = 3B578FB32510D4D400C0D55C /* OAuthViewController.xib */; };
		3B578FB72510DB4C00C0D55C /* Common.swift in Sources */ = {isa = PBXBuildFile; fileRef = 3B578FB62510DB4C00C0D55C /* Common.swift */; };
		3B578FB92510E14E00C0D55C /* MBProgressHUD-Extension.swift in Sources */ = {isa = PBXBuildFile; fileRef = 3B578FB82510E14E00C0D55C /* MBProgressHUD-Extension.swift */; };
		3B578FBB2510E30B00C0D55C /* MBProgressHUD.bundle in Resources */ = {isa = PBXBuildFile; fileRef = 3B578FBA2510E30B00C0D55C /* MBProgressHUD.bundle */; };
		3B578FBF2511A9DB00C0D55C /* UserAccount.swift in Sources */ = {isa = PBXBuildFile; fileRef = 3B578FBE2511A9DB00C0D55C /* UserAccount.swift */; };
		3B578FC12511FA9F00C0D55C /* UserAccountViewModel.swift in Sources */ = {isa = PBXBuildFile; fileRef = 3B578FC02511FA9F00C0D55C /* UserAccountViewModel.swift */; };
		3B578FC52512015900C0D55C /* WelcomeViewController.swift in Sources */ = {isa = PBXBuildFile; fileRef = 3B578FC32512015900C0D55C /* WelcomeViewController.swift */; };
		3B578FC62512015900C0D55C /* WelcomeViewController.xib in Resources */ = {isa = PBXBuildFile; fileRef = 3B578FC42512015900C0D55C /* WelcomeViewController.xib */; };
		3B70AC1A251C6AE700DA6B8C /* Emoticons.bundle in Resources */ = {isa = PBXBuildFile; fileRef = 3B70AC19251C6AE700DA6B8C /* Emoticons.bundle */; };
		3B70AC1D251C6B7700DA6B8C /* EmoticonManager.swift in Sources */ = {isa = PBXBuildFile; fileRef = 3B70AC1C251C6B7700DA6B8C /* EmoticonManager.swift */; };
		3B70AC1F251C6B8C00DA6B8C /* Emoticon.swift in Sources */ = {isa = PBXBuildFile; fileRef = 3B70AC1E251C6B8C00DA6B8C /* Emoticon.swift */; };
		3B70AC21251C6B9E00DA6B8C /* EmoticonPackage.swift in Sources */ = {isa = PBXBuildFile; fileRef = 3B70AC20251C6B9E00DA6B8C /* EmoticonPackage.swift */; };
		3B70AC23251C6EA100DA6B8C /* EmoticonViewModel.png in Resources */ = {isa = PBXBuildFile; fileRef = 3B70AC22251C6EA100DA6B8C /* EmoticonViewModel.png */; };
		3B70AC25251C806F00DA6B8C /* EmoticonViewCell.swift in Sources */ = {isa = PBXBuildFile; fileRef = 3B70AC24251C806F00DA6B8C /* EmoticonViewCell.swift */; };
		3B70AC27251DC92900DA6B8C /* EmoticonAttachment.swift in Sources */ = {isa = PBXBuildFile; fileRef = 3B70AC26251DC92900DA6B8C /* EmoticonAttachment.swift */; };
		3B86423325136812008AB856 /* Date+Extension.swift in Sources */ = {isa = PBXBuildFile; fileRef = 3B86423225136812008AB856 /* Date+Extension.swift */; };
		3B864235251377E1008AB856 /* User.swift in Sources */ = {isa = PBXBuildFile; fileRef = 3B864234251377E1008AB856 /* User.swift */; };
		3B86423725137FEF008AB856 /* StatusViewModel.swift in Sources */ = {isa = PBXBuildFile; fileRef = 3B86423625137FEF008AB856 /* StatusViewModel.swift */; };
		3B86423D25148FEC008AB856 /* HomeViewCell.swift in Sources */ = {isa = PBXBuildFile; fileRef = 3B86423C25148FEC008AB856 /* HomeViewCell.swift */; };
		3B95F575250F050C00A3B843 /* MGPresentationController.swift in Sources */ = {isa = PBXBuildFile; fileRef = 3B95F574250F050C00A3B843 /* MGPresentationController.swift */; };
		3B95F577250F4D8C00A3B843 /* PopoverAnimator.swift in Sources */ = {isa = PBXBuildFile; fileRef = 3B95F576250F4D8C00A3B843 /* PopoverAnimator.swift */; };
		3BA874652508C984006710BC /* Main.storyboard in Resources */ = {isa = PBXBuildFile; fileRef = 3BA874642508C984006710BC /* Main.storyboard */; };
		3BA874672508CF8A006710BC /* Home.storyboard in Resources */ = {isa = PBXBuildFile; fileRef = 3BA874662508CF8A006710BC /* Home.storyboard */; };
		3BA874692508D018006710BC /* Message.storyboard in Resources */ = {isa = PBXBuildFile; fileRef = 3BA874682508D018006710BC /* Message.storyboard */; };
		3BA8746B2508D060006710BC /* Discovery.storyboard in Resources */ = {isa = PBXBuildFile; fileRef = 3BA8746A2508D060006710BC /* Discovery.storyboard */; };
		3BA8746D2508D077006710BC /* Profile.storyboard in Resources */ = {isa = PBXBuildFile; fileRef = 3BA8746C2508D077006710BC /* Profile.storyboard */; };
		3BA8746F2508D18E006710BC /* Launch Screen.storyboard in Resources */ = {isa = PBXBuildFile; fileRef = 3BA8746E2508D18E006710BC /* Launch Screen.storyboard */; };
		3BA874AD2508F6C9006710BC /* Null.storyboard in Resources */ = {isa = PBXBuildFile; fileRef = 3BA874AC2508F6C9006710BC /* Null.storyboard */; };
		3BA874B12509019E006710BC /* UIButton-Extension.swift in Sources */ = {isa = PBXBuildFile; fileRef = 3BA874B02509019E006710BC /* UIButton-Extension.swift */; };
		3BA874B62509FDFE006710BC /* BaseViewController.swift in Sources */ = {isa = PBXBuildFile; fileRef = 3BA874B52509FDFE006710BC /* BaseViewController.swift */; };
		3BA874B82509FF21006710BC /* VisitorView.swift in Sources */ = {isa = PBXBuildFile; fileRef = 3BA874B72509FF21006710BC /* VisitorView.swift */; };
		3BA874BA2509FF2A006710BC /* VisitorView.xib in Resources */ = {isa = PBXBuildFile; fileRef = 3BA874B92509FF2A006710BC /* VisitorView.xib */; };
		3BABA183251A2C0100CF7F6D /* ComposeViewController.swift in Sources */ = {isa = PBXBuildFile; fileRef = 3BABA181251A2C0100CF7F6D /* ComposeViewController.swift */; };
		3BABA184251A2C0100CF7F6D /* ComposeViewController.xib in Resources */ = {isa = PBXBuildFile; fileRef = 3BABA182251A2C0100CF7F6D /* ComposeViewController.xib */; };
		3BABA186251AB72700CF7F6D /* ComposeTextView.swift in Sources */ = {isa = PBXBuildFile; fileRef = 3BABA185251AB72700CF7F6D /* ComposeTextView.swift */; };
		3BABA188251AB74C00CF7F6D /* ComposeTitleView.swift in Sources */ = {isa = PBXBuildFile; fileRef = 3BABA187251AB74C00CF7F6D /* ComposeTitleView.swift */; };
		3BABA18B251B1E0A00CF7F6D /* PicPickerCollectionView.swift in Sources */ = {isa = PBXBuildFile; fileRef = 3BABA18A251B1E0A00CF7F6D /* PicPickerCollectionView.swift */; };
		3BABA18E251B46D300CF7F6D /* PicPickerViewCell.swift in Sources */ = {isa = PBXBuildFile; fileRef = 3BABA18C251B46D300CF7F6D /* PicPickerViewCell.swift */; };
		3BABA18F251B46D300CF7F6D /* PicPickerViewCell.xib in Resources */ = {isa = PBXBuildFile; fileRef = 3BABA18D251B46D300CF7F6D /* PicPickerViewCell.xib */; };
		3BABA192251B743900CF7F6D /* EmoticonViewController.swift in Sources */ = {isa = PBXBuildFile; fileRef = 3BABA191251B743900CF7F6D /* EmoticonViewController.swift */; };
		3BBD16E2250B570400F3D6FF /* UIBarButtonItem-Extension.swift in Sources */ = {isa = PBXBuildFile; fileRef = 3BBD16E1250B570400F3D6FF /* UIBarButtonItem-Extension.swift */; };
		3BBD16E5250B5D5300F3D6FF /* TitleButton.swift in Sources */ = {isa = PBXBuildFile; fileRef = 3BBD16E4250B5D5300F3D6FF /* TitleButton.swift */; };
		3BBD16E9250B6DCE00F3D6FF /* PopoverViewController.swift in Sources */ = {isa = PBXBuildFile; fileRef = 3BBD16E7250B6DCE00F3D6FF /* PopoverViewController.swift */; };
		3BBD16EA250B6DCE00F3D6FF /* PopoverViewController.xib in Resources */ = {isa = PBXBuildFile; fileRef = 3BBD16E8250B6DCE00F3D6FF /* PopoverViewController.xib */; };
		3BDF45D925189E430078D957 /* PictureCollectionView.swift in Sources */ = {isa = PBXBuildFile; fileRef = 3BDF45D825189E430078D957 /* PictureCollectionView.swift */; };
		3BE13D21251236E000B0D977 /* NetworkTools.swift in Sources */ = {isa = PBXBuildFile; fileRef = 3BE13D20251236E000B0D977 /* NetworkTools.swift */; };
		3BE13D262512FD5500B0D977 /* Status.swift in Sources */ = {isa = PBXBuildFile; fileRef = 3BE13D252512FD5500B0D977 /* Status.swift */; };
		B45902EC8CEA10E6E40C74EF /* Pods_MGWeiBo2.framework in Frameworks */ = {isa = PBXBuildFile; fileRef = F587BF7D3DE15BDD44473BAD /* Pods_MGWeiBo2.framework */; };
		CC10E7321E07217700DF6DE7 /* Assets.xcassets in Resources */ = {isa = PBXBuildFile; fileRef = CC10E7311E07217700DF6DE7 /* Assets.xcassets */; };
		CC10E73F1E076D0500DF6DE7 /* MainViewController.swift in Sources */ = {isa = PBXBuildFile; fileRef = CC10E73E1E076D0500DF6DE7 /* MainViewController.swift */; };
		CC10E7411E076D1600DF6DE7 /* ProfileViewController.swift in Sources */ = {isa = PBXBuildFile; fileRef = CC10E7401E076D1600DF6DE7 /* ProfileViewController.swift */; };
		CC10E7431E076D2C00DF6DE7 /* DiscoverViewController.swift in Sources */ = {isa = PBXBuildFile; fileRef = CC10E7421E076D2C00DF6DE7 /* DiscoverViewController.swift */; };
		CC10E7451E076D3A00DF6DE7 /* MessageViewController.swift in Sources */ = {isa = PBXBuildFile; fileRef = CC10E7441E076D3A00DF6DE7 /* MessageViewController.swift */; };
		CC10E7471E076D4400DF6DE7 /* HomeViewController.swift in Sources */ = {isa = PBXBuildFile; fileRef = CC10E7461E076D4400DF6DE7 /* HomeViewController.swift */; };
		CC10E74C1E08029C00DF6DE7 /* MainVCSettings.json in Resources */ = {isa = PBXBuildFile; fileRef = CC10E74B1E08029C00DF6DE7 /* MainVCSettings.json */; };
		CC8C1F0E1E06C5AC00FF3B3E /* AppDelegate.swift in Sources */ = {isa = PBXBuildFile; fileRef = CC8C1F0D1E06C5AC00FF3B3E /* AppDelegate.swift */; };
/* End PBXBuildFile section */

/* Begin PBXFileReference section */
		3B3833A2250218C900195410 /* HttpTool.swift */ = {isa = PBXFileReference; lastKnownFileType = sourcecode.swift; path = HttpTool.swift; sourceTree = "<group>"; };
		3B3833A425021F0900195410 /* RedViewController.swift */ = {isa = PBXFileReference; lastKnownFileType = sourcecode.swift; path = RedViewController.swift; sourceTree = "<group>"; };
		3B578FB22510D4D400C0D55C /* OAuthViewController.swift */ = {isa = PBXFileReference; lastKnownFileType = sourcecode.swift; path = OAuthViewController.swift; sourceTree = "<group>"; };
		3B578FB32510D4D400C0D55C /* OAuthViewController.xib */ = {isa = PBXFileReference; lastKnownFileType = file.xib; path = OAuthViewController.xib; sourceTree = "<group>"; };
		3B578FB62510DB4C00C0D55C /* Common.swift */ = {isa = PBXFileReference; lastKnownFileType = sourcecode.swift; path = Common.swift; sourceTree = "<group>"; };
		3B578FB82510E14E00C0D55C /* MBProgressHUD-Extension.swift */ = {isa = PBXFileReference; lastKnownFileType = sourcecode.swift; path = "MBProgressHUD-Extension.swift"; sourceTree = "<group>"; };
		3B578FBA2510E30B00C0D55C /* MBProgressHUD.bundle */ = {isa = PBXFileReference; lastKnownFileType = "wrapper.plug-in"; path = MBProgressHUD.bundle; sourceTree = "<group>"; };
		3B578FBE2511A9DB00C0D55C /* UserAccount.swift */ = {isa = PBXFileReference; lastKnownFileType = sourcecode.swift; path = UserAccount.swift; sourceTree = "<group>"; };
		3B578FC02511FA9F00C0D55C /* UserAccountViewModel.swift */ = {isa = PBXFileReference; lastKnownFileType = sourcecode.swift; path = UserAccountViewModel.swift; sourceTree = "<group>"; };
		3B578FC32512015900C0D55C /* WelcomeViewController.swift */ = {isa = PBXFileReference; lastKnownFileType = sourcecode.swift; path = WelcomeViewController.swift; sourceTree = "<group>"; };
		3B578FC42512015900C0D55C /* WelcomeViewController.xib */ = {isa = PBXFileReference; lastKnownFileType = file.xib; path = WelcomeViewController.xib; sourceTree = "<group>"; };
		3B70AC19251C6AE700DA6B8C /* Emoticons.bundle */ = {isa = PBXFileReference; lastKnownFileType = "wrapper.plug-in"; path = Emoticons.bundle; sourceTree = "<group>"; };
		3B70AC1C251C6B7700DA6B8C /* EmoticonManager.swift */ = {isa = PBXFileReference; lastKnownFileType = sourcecode.swift; path = EmoticonManager.swift; sourceTree = "<group>"; };
		3B70AC1E251C6B8C00DA6B8C /* Emoticon.swift */ = {isa = PBXFileReference; lastKnownFileType = sourcecode.swift; path = Emoticon.swift; sourceTree = "<group>"; };
		3B70AC20251C6B9E00DA6B8C /* EmoticonPackage.swift */ = {isa = PBXFileReference; lastKnownFileType = sourcecode.swift; path = EmoticonPackage.swift; sourceTree = "<group>"; };
		3B70AC22251C6EA100DA6B8C /* EmoticonViewModel.png */ = {isa = PBXFileReference; lastKnownFileType = image.png; path = EmoticonViewModel.png; sourceTree = "<group>"; };
		3B70AC24251C806F00DA6B8C /* EmoticonViewCell.swift */ = {isa = PBXFileReference; lastKnownFileType = sourcecode.swift; path = EmoticonViewCell.swift; sourceTree = "<group>"; };
		3B70AC26251DC92900DA6B8C /* EmoticonAttachment.swift */ = {isa = PBXFileReference; lastKnownFileType = sourcecode.swift; path = EmoticonAttachment.swift; sourceTree = "<group>"; };
		3B86423225136812008AB856 /* Date+Extension.swift */ = {isa = PBXFileReference; fileEncoding = 4; lastKnownFileType = sourcecode.swift; path = "Date+Extension.swift"; sourceTree = "<group>"; };
		3B864234251377E1008AB856 /* User.swift */ = {isa = PBXFileReference; lastKnownFileType = sourcecode.swift; path = User.swift; sourceTree = "<group>"; };
		3B86423625137FEF008AB856 /* StatusViewModel.swift */ = {isa = PBXFileReference; lastKnownFileType = sourcecode.swift; path = StatusViewModel.swift; sourceTree = "<group>"; };
		3B86423C25148FEC008AB856 /* HomeViewCell.swift */ = {isa = PBXFileReference; lastKnownFileType = sourcecode.swift; path = HomeViewCell.swift; sourceTree = "<group>"; };
		3B95F574250F050C00A3B843 /* MGPresentationController.swift */ = {isa = PBXFileReference; lastKnownFileType = sourcecode.swift; path = MGPresentationController.swift; sourceTree = "<group>"; };
		3B95F576250F4D8C00A3B843 /* PopoverAnimator.swift */ = {isa = PBXFileReference; lastKnownFileType = sourcecode.swift; path = PopoverAnimator.swift; sourceTree = "<group>"; };
		3BA874642508C984006710BC /* Main.storyboard */ = {isa = PBXFileReference; lastKnownFileType = file.storyboard; path = Main.storyboard; sourceTree = "<group>"; };
		3BA874662508CF8A006710BC /* Home.storyboard */ = {isa = PBXFileReference; fileEncoding = 4; lastKnownFileType = file.storyboard; path = Home.storyboard; sourceTree = "<group>"; };
		3BA874682508D018006710BC /* Message.storyboard */ = {isa = PBXFileReference; fileEncoding = 4; lastKnownFileType = file.storyboard; path = Message.storyboard; sourceTree = "<group>"; };
		3BA8746A2508D060006710BC /* Discovery.storyboard */ = {isa = PBXFileReference; fileEncoding = 4; lastKnownFileType = file.storyboard; path = Discovery.storyboard; sourceTree = "<group>"; };
		3BA8746C2508D077006710BC /* Profile.storyboard */ = {isa = PBXFileReference; fileEncoding = 4; lastKnownFileType = file.storyboard; path = Profile.storyboard; sourceTree = "<group>"; };
		3BA8746E2508D18E006710BC /* Launch Screen.storyboard */ = {isa = PBXFileReference; lastKnownFileType = file.storyboard; path = "Launch Screen.storyboard"; sourceTree = "<group>"; };
		3BA874AC2508F6C9006710BC /* Null.storyboard */ = {isa = PBXFileReference; fileEncoding = 4; lastKnownFileType = file.storyboard; path = Null.storyboard; sourceTree = "<group>"; };
		3BA874B02509019E006710BC /* UIButton-Extension.swift */ = {isa = PBXFileReference; lastKnownFileType = sourcecode.swift; path = "UIButton-Extension.swift"; sourceTree = "<group>"; };
		3BA874B52509FDFE006710BC /* BaseViewController.swift */ = {isa = PBXFileReference; lastKnownFileType = sourcecode.swift; path = BaseViewController.swift; sourceTree = "<group>"; };
		3BA874B72509FF21006710BC /* VisitorView.swift */ = {isa = PBXFileReference; lastKnownFileType = sourcecode.swift; path = VisitorView.swift; sourceTree = "<group>"; };
		3BA874B92509FF2A006710BC /* VisitorView.xib */ = {isa = PBXFileReference; lastKnownFileType = file.xib; path = VisitorView.xib; sourceTree = "<group>"; };
		3BABA181251A2C0100CF7F6D /* ComposeViewController.swift */ = {isa = PBXFileReference; lastKnownFileType = sourcecode.swift; path = ComposeViewController.swift; sourceTree = "<group>"; };
		3BABA182251A2C0100CF7F6D /* ComposeViewController.xib */ = {isa = PBXFileReference; lastKnownFileType = file.xib; path = ComposeViewController.xib; sourceTree = "<group>"; };
		3BABA185251AB72700CF7F6D /* ComposeTextView.swift */ = {isa = PBXFileReference; lastKnownFileType = sourcecode.swift; path = ComposeTextView.swift; sourceTree = "<group>"; };
		3BABA187251AB74C00CF7F6D /* ComposeTitleView.swift */ = {isa = PBXFileReference; lastKnownFileType = sourcecode.swift; path = ComposeTitleView.swift; sourceTree = "<group>"; };
		3BABA18A251B1E0A00CF7F6D /* PicPickerCollectionView.swift */ = {isa = PBXFileReference; lastKnownFileType = sourcecode.swift; path = PicPickerCollectionView.swift; sourceTree = "<group>"; };
		3BABA18C251B46D300CF7F6D /* PicPickerViewCell.swift */ = {isa = PBXFileReference; lastKnownFileType = sourcecode.swift; path = PicPickerViewCell.swift; sourceTree = "<group>"; };
		3BABA18D251B46D300CF7F6D /* PicPickerViewCell.xib */ = {isa = PBXFileReference; lastKnownFileType = file.xib; path = PicPickerViewCell.xib; sourceTree = "<group>"; };
		3BABA191251B743900CF7F6D /* EmoticonViewController.swift */ = {isa = PBXFileReference; lastKnownFileType = sourcecode.swift; path = EmoticonViewController.swift; sourceTree = "<group>"; };
		3BBD16E1250B570400F3D6FF /* UIBarButtonItem-Extension.swift */ = {isa = PBXFileReference; lastKnownFileType = sourcecode.swift; path = "UIBarButtonItem-Extension.swift"; sourceTree = "<group>"; };
		3BBD16E4250B5D5300F3D6FF /* TitleButton.swift */ = {isa = PBXFileReference; lastKnownFileType = sourcecode.swift; path = TitleButton.swift; sourceTree = "<group>"; };
		3BBD16E7250B6DCE00F3D6FF /* PopoverViewController.swift */ = {isa = PBXFileReference; lastKnownFileType = sourcecode.swift; path = PopoverViewController.swift; sourceTree = "<group>"; };
		3BBD16E8250B6DCE00F3D6FF /* PopoverViewController.xib */ = {isa = PBXFileReference; lastKnownFileType = file.xib; path = PopoverViewController.xib; sourceTree = "<group>"; };
		3BDF45D825189E430078D957 /* PictureCollectionView.swift */ = {isa = PBXFileReference; lastKnownFileType = sourcecode.swift; path = PictureCollectionView.swift; sourceTree = "<group>"; };
		3BE13D20251236E000B0D977 /* NetworkTools.swift */ = {isa = PBXFileReference; lastKnownFileType = sourcecode.swift; path = NetworkTools.swift; sourceTree = "<group>"; };
		3BE13D252512FD5500B0D977 /* Status.swift */ = {isa = PBXFileReference; lastKnownFileType = sourcecode.swift; path = Status.swift; sourceTree = "<group>"; };
		408DF2B97776D64A3F63A26F /* Pods-MGWeiBo2.release.xcconfig */ = {isa = PBXFileReference; includeInIndex = 1; lastKnownFileType = text.xcconfig; name = "Pods-MGWeiBo2.release.xcconfig"; path = "Target Support Files/Pods-MGWeiBo2/Pods-MGWeiBo2.release.xcconfig"; sourceTree = "<group>"; };
		6C9D21D324186670112CB958 /* Pods-MGWeiBo2.debug.xcconfig */ = {isa = PBXFileReference; includeInIndex = 1; lastKnownFileType = text.xcconfig; name = "Pods-MGWeiBo2.debug.xcconfig"; path = "Target Support Files/Pods-MGWeiBo2/Pods-MGWeiBo2.debug.xcconfig"; sourceTree = "<group>"; };
		CC10E7311E07217700DF6DE7 /* Assets.xcassets */ = {isa = PBXFileReference; lastKnownFileType = folder.assetcatalog; path = Assets.xcassets; sourceTree = "<group>"; };
		CC10E73E1E076D0500DF6DE7 /* MainViewController.swift */ = {isa = PBXFileReference; fileEncoding = 4; lastKnownFileType = sourcecode.swift; path = MainViewController.swift; sourceTree = "<group>"; };
		CC10E7401E076D1600DF6DE7 /* ProfileViewController.swift */ = {isa = PBXFileReference; fileEncoding = 4; lastKnownFileType = sourcecode.swift; path = ProfileViewController.swift; sourceTree = "<group>"; };
		CC10E7421E076D2C00DF6DE7 /* DiscoverViewController.swift */ = {isa = PBXFileReference; fileEncoding = 4; lastKnownFileType = sourcecode.swift; path = DiscoverViewController.swift; sourceTree = "<group>"; };
		CC10E7441E076D3A00DF6DE7 /* MessageViewController.swift */ = {isa = PBXFileReference; fileEncoding = 4; lastKnownFileType = sourcecode.swift; path = MessageViewController.swift; sourceTree = "<group>"; };
		CC10E7461E076D4400DF6DE7 /* HomeViewController.swift */ = {isa = PBXFileReference; fileEncoding = 4; lastKnownFileType = sourcecode.swift; path = HomeViewController.swift; sourceTree = "<group>"; };
		CC10E74B1E08029C00DF6DE7 /* MainVCSettings.json */ = {isa = PBXFileReference; fileEncoding = 4; lastKnownFileType = text.json; path = MainVCSettings.json; sourceTree = "<group>"; };
		CC8C1F0A1E06C5AC00FF3B3E /* 微博2.app */ = {isa = PBXFileReference; explicitFileType = wrapper.application; includeInIndex = 0; path = "微博2.app"; sourceTree = BUILT_PRODUCTS_DIR; };
		CC8C1F0D1E06C5AC00FF3B3E /* AppDelegate.swift */ = {isa = PBXFileReference; lastKnownFileType = sourcecode.swift; path = AppDelegate.swift; sourceTree = "<group>"; };
		CC8C1F191E06C5AC00FF3B3E /* Info.plist */ = {isa = PBXFileReference; lastKnownFileType = text.plist.xml; path = Info.plist; sourceTree = "<group>"; };
		F587BF7D3DE15BDD44473BAD /* Pods_MGWeiBo2.framework */ = {isa = PBXFileReference; explicitFileType = wrapper.framework; includeInIndex = 0; path = Pods_MGWeiBo2.framework; sourceTree = BUILT_PRODUCTS_DIR; };
/* End PBXFileReference section */

/* Begin PBXFrameworksBuildPhase section */
		CC8C1F071E06C5AC00FF3B3E /* Frameworks */ = {
			isa = PBXFrameworksBuildPhase;
			buildActionMask = 2147483647;
			files = (
				B45902EC8CEA10E6E40C74EF /* Pods_MGWeiBo2.framework in Frameworks */,
			);
			runOnlyForDeploymentPostprocessing = 0;
		};
/* End PBXFrameworksBuildPhase section */

/* Begin PBXGroup section */
		3B578FA72510CF1000C0D55C /* OAuth */ = {
			isa = PBXGroup;
			children = (
				3B578FB22510D4D400C0D55C /* OAuthViewController.swift */,
				3B578FB32510D4D400C0D55C /* OAuthViewController.xib */,
				3B578FBE2511A9DB00C0D55C /* UserAccount.swift */,
				3B578FC02511FA9F00C0D55C /* UserAccountViewModel.swift */,
			);
			path = OAuth;
			sourceTree = "<group>";
		};
		3B578FC22512013200C0D55C /* Welcome */ = {
			isa = PBXGroup;
			children = (
				3B578FC32512015900C0D55C /* WelcomeViewController.swift */,
				3B578FC42512015900C0D55C /* WelcomeViewController.xib */,
			);
			path = Welcome;
			sourceTree = "<group>";
		};
		3B578FC7251219D700C0D55C /* Frameworks */ = {
			isa = PBXGroup;
			children = (
				F587BF7D3DE15BDD44473BAD /* Pods_MGWeiBo2.framework */,
			);
			name = Frameworks;
			sourceTree = "<group>";
		};
		3B70AC1B251C6B4000DA6B8C /* Model */ = {
			isa = PBXGroup;
			children = (
				3B70AC22251C6EA100DA6B8C /* EmoticonViewModel.png */,
				3B70AC1C251C6B7700DA6B8C /* EmoticonManager.swift */,
				3B70AC20251C6B9E00DA6B8C /* EmoticonPackage.swift */,
				3B70AC1E251C6B8C00DA6B8C /* Emoticon.swift */,
				3B70AC26251DC92900DA6B8C /* EmoticonAttachment.swift */,
			);
			path = Model;
			sourceTree = "<group>";
		};
		3B97440D211B4BD0004ECDDF /* Supporting Files */ = {
			isa = PBXGroup;
			children = (
				CC8C1F0D1E06C5AC00FF3B3E /* AppDelegate.swift */,
				CC10E7311E07217700DF6DE7 /* Assets.xcassets */,
				CC8C1F191E06C5AC00FF3B3E /* Info.plist */,
			);
			path = "Supporting Files";
			sourceTree = "<group>";
		};
		3BA874B22509FDB9006710BC /* Visitor */ = {
			isa = PBXGroup;
			children = (
				3BA874B52509FDFE006710BC /* BaseViewController.swift */,
				3BA874B72509FF21006710BC /* VisitorView.swift */,
				3BA874B92509FF2A006710BC /* VisitorView.xib */,
			);
			path = Visitor;
			sourceTree = "<group>";
		};
		3BABA180251A2BC600CF7F6D /* Compose(发布) */ = {
			isa = PBXGroup;
			children = (
				3BABA189251B1CF700CF7F6D /* PicPickerView */,
				3BABA181251A2C0100CF7F6D /* ComposeViewController.swift */,
				3BABA182251A2C0100CF7F6D /* ComposeViewController.xib */,
				3BABA187251AB74C00CF7F6D /* ComposeTitleView.swift */,
				3BABA185251AB72700CF7F6D /* ComposeTextView.swift */,
			);
			path = "Compose(发布)";
			sourceTree = "<group>";
		};
		3BABA189251B1CF700CF7F6D /* PicPickerView */ = {
			isa = PBXGroup;
			children = (
				3BABA18A251B1E0A00CF7F6D /* PicPickerCollectionView.swift */,
				3BABA18C251B46D300CF7F6D /* PicPickerViewCell.swift */,
				3BABA18D251B46D300CF7F6D /* PicPickerViewCell.xib */,
			);
			path = PicPickerView;
			sourceTree = "<group>";
		};
		3BABA190251B738500CF7F6D /* EmoticonView */ = {
			isa = PBXGroup;
			children = (
				3B70AC1B251C6B4000DA6B8C /* Model */,
				3B70AC19251C6AE700DA6B8C /* Emoticons.bundle */,
				3BABA191251B743900CF7F6D /* EmoticonViewController.swift */,
				3B70AC24251C806F00DA6B8C /* EmoticonViewCell.swift */,
			);
			path = EmoticonView;
			sourceTree = "<group>";
		};
		3BBD16E3250B5D3000F3D6FF /* Category */ = {
			isa = PBXGroup;
			children = (
				3B86423225136812008AB856 /* Date+Extension.swift */,
				3BA874B02509019E006710BC /* UIButton-Extension.swift */,
				3BBD16E1250B570400F3D6FF /* UIBarButtonItem-Extension.swift */,
				3B578FB82510E14E00C0D55C /* MBProgressHUD-Extension.swift */,
				3B578FBA2510E30B00C0D55C /* MBProgressHUD.bundle */,
			);
			path = Category;
			sourceTree = "<group>";
		};
		3BBD16E6250B6D9E00F3D6FF /* UIPopover */ = {
			isa = PBXGroup;
			children = (
				3BBD16E7250B6DCE00F3D6FF /* PopoverViewController.swift */,
				3BBD16E8250B6DCE00F3D6FF /* PopoverViewController.xib */,
				3B95F574250F050C00A3B843 /* MGPresentationController.swift */,
				3B95F576250F4D8C00A3B843 /* PopoverAnimator.swift */,
			);
			path = UIPopover;
			sourceTree = "<group>";
		};
		3BE13D1F2512366D00B0D977 /* Tools(工具) */ = {
			isa = PBXGroup;
			children = (
				3BBD16E3250B5D3000F3D6FF /* Category */,
				3BABA190251B738500CF7F6D /* EmoticonView */,
				3BBD16E4250B5D5300F3D6FF /* TitleButton.swift */,
				3B578FB62510DB4C00C0D55C /* Common.swift */,
				3BE13D20251236E000B0D977 /* NetworkTools.swift */,
			);
			path = "Tools(工具)";
			sourceTree = "<group>";
		};
		3BE13D222512FCB400B0D977 /* HomeModel */ = {
			isa = PBXGroup;
			children = (
				3BE13D252512FD5500B0D977 /* Status.swift */,
				3B864234251377E1008AB856 /* User.swift */,
				3B86423625137FEF008AB856 /* StatusViewModel.swift */,
			);
			path = HomeModel;
			sourceTree = "<group>";
		};
		CC10E7381E0724CC00DF6DE7 /* Classes */ = {
			isa = PBXGroup;
			children = (
				CC10E73A1E0724CC00DF6DE7 /* Home(首页) */,
				3BABA180251A2BC600CF7F6D /* Compose(发布) */,
				CC10E73C1E0724CC00DF6DE7 /* Message(消息) */,
				CC10E7391E0724CC00DF6DE7 /* Discover(广场) */,
				CC10E73D1E0724CC00DF6DE7 /* Profile(我的) */,
				CC10E73B1E0724CC00DF6DE7 /* Main(主要) */,
				3BE13D1F2512366D00B0D977 /* Tools(工具) */,
				CC6033821EE8454C0084A29A /* Other(其它) */,
			);
			path = Classes;
			sourceTree = "<group>";
		};
		CC10E7391E0724CC00DF6DE7 /* Discover(广场) */ = {
			isa = PBXGroup;
			children = (
				CC10E7421E076D2C00DF6DE7 /* DiscoverViewController.swift */,
				3BA8746A2508D060006710BC /* Discovery.storyboard */,
				3B3833A425021F0900195410 /* RedViewController.swift */,
				3B3833A2250218C900195410 /* HttpTool.swift */,
			);
			path = "Discover(广场)";
			sourceTree = "<group>";
		};
		CC10E73A1E0724CC00DF6DE7 /* Home(首页) */ = {
			isa = PBXGroup;
			children = (
				3BE13D222512FCB400B0D977 /* HomeModel */,
				3B578FC22512013200C0D55C /* Welcome */,
				3BBD16E6250B6D9E00F3D6FF /* UIPopover */,
				CC10E7461E076D4400DF6DE7 /* HomeViewController.swift */,
				3B86423C25148FEC008AB856 /* HomeViewCell.swift */,
				3BA874662508CF8A006710BC /* Home.storyboard */,
				3BDF45D825189E430078D957 /* PictureCollectionView.swift */,
			);
			path = "Home(首页)";
			sourceTree = "<group>";
		};
		CC10E73B1E0724CC00DF6DE7 /* Main(主要) */ = {
			isa = PBXGroup;
			children = (
				3B578FA72510CF1000C0D55C /* OAuth */,
				3BA874B22509FDB9006710BC /* Visitor */,
				CC10E74A1E08029C00DF6DE7 /* Resource */,
				CC10E73E1E076D0500DF6DE7 /* MainViewController.swift */,
			);
			path = "Main(主要)";
			sourceTree = "<group>";
		};
		CC10E73C1E0724CC00DF6DE7 /* Message(消息) */ = {
			isa = PBXGroup;
			children = (
				CC10E7441E076D3A00DF6DE7 /* MessageViewController.swift */,
				3BA874682508D018006710BC /* Message.storyboard */,
			);
			path = "Message(消息)";
			sourceTree = "<group>";
		};
		CC10E73D1E0724CC00DF6DE7 /* Profile(我的) */ = {
			isa = PBXGroup;
			children = (
				CC10E7401E076D1600DF6DE7 /* ProfileViewController.swift */,
				3BA8746C2508D077006710BC /* Profile.storyboard */,
			);
			path = "Profile(我的)";
			sourceTree = "<group>";
		};
		CC10E74A1E08029C00DF6DE7 /* Resource */ = {
			isa = PBXGroup;
			children = (
				CC10E74B1E08029C00DF6DE7 /* MainVCSettings.json */,
			);
			path = Resource;
			sourceTree = "<group>";
		};
		CC6033821EE8454C0084A29A /* Other(其它) */ = {
			isa = PBXGroup;
			children = (
				3BA874642508C984006710BC /* Main.storyboard */,
				3BA874AC2508F6C9006710BC /* Null.storyboard */,
				3BA8746E2508D18E006710BC /* Launch Screen.storyboard */,
			);
			path = "Other(其它)";
			sourceTree = "<group>";
		};
		CC8C1F011E06C5AC00FF3B3E = {
			isa = PBXGroup;
			children = (
				CC8C1F0C1E06C5AC00FF3B3E /* MGWeiBo2 */,
				CC8C1F0B1E06C5AC00FF3B3E /* Products */,
				3B578FC7251219D700C0D55C /* Frameworks */,
				F6B6CB9CE5548ECCB2E3B5C5 /* Pods */,
			);
			sourceTree = "<group>";
		};
		CC8C1F0B1E06C5AC00FF3B3E /* Products */ = {
			isa = PBXGroup;
			children = (
				CC8C1F0A1E06C5AC00FF3B3E /* 微博2.app */,
			);
			name = Products;
			sourceTree = "<group>";
		};
		CC8C1F0C1E06C5AC00FF3B3E /* MGWeiBo2 */ = {
			isa = PBXGroup;
			children = (
				CC10E7381E0724CC00DF6DE7 /* Classes */,
				3B97440D211B4BD0004ECDDF /* Supporting Files */,
			);
			path = MGWeiBo2;
			sourceTree = "<group>";
		};
		F6B6CB9CE5548ECCB2E3B5C5 /* Pods */ = {
			isa = PBXGroup;
			children = (
				6C9D21D324186670112CB958 /* Pods-MGWeiBo2.debug.xcconfig */,
				408DF2B97776D64A3F63A26F /* Pods-MGWeiBo2.release.xcconfig */,
			);
			path = Pods;
			sourceTree = "<group>";
		};
/* End PBXGroup section */

/* Begin PBXNativeTarget section */
		CC8C1F091E06C5AC00FF3B3E /* MGWeiBo2 */ = {
			isa = PBXNativeTarget;
			buildConfigurationList = CC8C1F1C1E06C5AC00FF3B3E /* Build configuration list for PBXNativeTarget "MGWeiBo2" */;
			buildPhases = (
				E31C6042189211B3E59D95D2 /* [CP] Check Pods Manifest.lock */,
				CC8C1F061E06C5AC00FF3B3E /* Sources */,
				CC8C1F071E06C5AC00FF3B3E /* Frameworks */,
				CC8C1F081E06C5AC00FF3B3E /* Resources */,
				AAA3CBF97BEB1F50C48817BB /* [CP] Embed Pods Frameworks */,
			);
			buildRules = (
			);
			dependencies = (
			);
			name = MGWeiBo2;
			packageProductDependencies = (
			);
			productName = MGWeiBo2;
			productReference = CC8C1F0A1E06C5AC00FF3B3E /* 微博2.app */;
			productType = "com.apple.product-type.application";
		};
/* End PBXNativeTarget section */

/* Begin PBXProject section */
		CC8C1F021E06C5AC00FF3B3E /* Project object */ = {
			isa = PBXProject;
			attributes = {
				LastSwiftUpdateCheck = 0820;
				LastUpgradeCheck = 1170;
				ORGANIZATIONNAME = "穆良";
				TargetAttributes = {
					CC8C1F091E06C5AC00FF3B3E = {
						CreatedOnToolsVersion = 8.2;
						DevelopmentTeam = YEH9VENLMS;
						ProvisioningStyle = Automatic;
					};
				};
			};
			buildConfigurationList = CC8C1F051E06C5AC00FF3B3E /* Build configuration list for PBXProject "MGWeiBo2" */;
			compatibilityVersion = "Xcode 3.2";
			developmentRegion = en;
			hasScannedForEncodings = 0;
			knownRegions = (
				en,
				Base,
			);
			mainGroup = CC8C1F011E06C5AC00FF3B3E;
			packageReferences = (
			);
			productRefGroup = CC8C1F0B1E06C5AC00FF3B3E /* Products */;
			projectDirPath = "";
			projectRoot = "";
			targets = (
				CC8C1F091E06C5AC00FF3B3E /* MGWeiBo2 */,
			);
		};
/* End PBXProject section */

/* Begin PBXResourcesBuildPhase section */
		CC8C1F081E06C5AC00FF3B3E /* Resources */ = {
			isa = PBXResourcesBuildPhase;
			buildActionMask = 2147483647;
			files = (
				3B578FBB2510E30B00C0D55C /* MBProgressHUD.bundle in Resources */,
				3B578FC62512015900C0D55C /* WelcomeViewController.xib in Resources */,
				3B70AC23251C6EA100DA6B8C /* EmoticonViewModel.png in Resources */,
				CC10E7321E07217700DF6DE7 /* Assets.xcassets in Resources */,
				3BA874BA2509FF2A006710BC /* VisitorView.xib in Resources */,
				CC10E74C1E08029C00DF6DE7 /* MainVCSettings.json in Resources */,
				3BA8746F2508D18E006710BC /* Launch Screen.storyboard in Resources */,
				3B578FB52510D4D500C0D55C /* OAuthViewController.xib in Resources */,
				3BA874692508D018006710BC /* Message.storyboard in Resources */,
				3B70AC1A251C6AE700DA6B8C /* Emoticons.bundle in Resources */,
				3BA874652508C984006710BC /* Main.storyboard in Resources */,
				3BA874AD2508F6C9006710BC /* Null.storyboard in Resources */,
				3BBD16EA250B6DCE00F3D6FF /* PopoverViewController.xib in Resources */,
				3BABA18F251B46D300CF7F6D /* PicPickerViewCell.xib in Resources */,
				3BA874672508CF8A006710BC /* Home.storyboard in Resources */,
				3BA8746D2508D077006710BC /* Profile.storyboard in Resources */,
				3BABA184251A2C0100CF7F6D /* ComposeViewController.xib in Resources */,
				3BA8746B2508D060006710BC /* Discovery.storyboard in Resources */,
			);
			runOnlyForDeploymentPostprocessing = 0;
		};
/* End PBXResourcesBuildPhase section */

/* Begin PBXShellScriptBuildPhase section */
		AAA3CBF97BEB1F50C48817BB /* [CP] Embed Pods Frameworks */ = {
			isa = PBXShellScriptBuildPhase;
			buildActionMask = 2147483647;
			files = (
			);
			inputFileListPaths = (
				"${PODS_ROOT}/Target Support Files/Pods-MGWeiBo2/Pods-MGWeiBo2-frameworks-${CONFIGURATION}-input-files.xcfilelist",
			);
			name = "[CP] Embed Pods Frameworks";
			outputFileListPaths = (
				"${PODS_ROOT}/Target Support Files/Pods-MGWeiBo2/Pods-MGWeiBo2-frameworks-${CONFIGURATION}-output-files.xcfilelist",
			);
			runOnlyForDeploymentPostprocessing = 0;
			shellPath = /bin/sh;
			shellScript = "\"${PODS_ROOT}/Target Support Files/Pods-MGWeiBo2/Pods-MGWeiBo2-frameworks.sh\"\n";
			showEnvVarsInLog = 0;
		};
		E31C6042189211B3E59D95D2 /* [CP] Check Pods Manifest.lock */ = {
			isa = PBXShellScriptBuildPhase;
			buildActionMask = 2147483647;
			files = (
			);
			inputFileListPaths = (
			);
			inputPaths = (
				"${PODS_PODFILE_DIR_PATH}/Podfile.lock",
				"${PODS_ROOT}/Manifest.lock",
			);
			name = "[CP] Check Pods Manifest.lock";
			outputFileListPaths = (
			);
			outputPaths = (
				"$(DERIVED_FILE_DIR)/Pods-MGWeiBo2-checkManifestLockResult.txt",
			);
			runOnlyForDeploymentPostprocessing = 0;
			shellPath = /bin/sh;
			shellScript = "diff \"${PODS_PODFILE_DIR_PATH}/Podfile.lock\" \"${PODS_ROOT}/Manifest.lock\" > /dev/null\nif [ $? != 0 ] ; then\n    # print error to STDERR\n    echo \"error: The sandbox is not in sync with the Podfile.lock. Run 'pod install' or update your CocoaPods installation.\" >&2\n    exit 1\nfi\n# This output is used by Xcode 'outputs' to avoid re-running this script phase.\necho \"SUCCESS\" > \"${SCRIPT_OUTPUT_FILE_0}\"\n";
			showEnvVarsInLog = 0;
		};
/* End PBXShellScriptBuildPhase section */

/* Begin PBXSourcesBuildPhase section */
		CC8C1F061E06C5AC00FF3B3E /* Sources */ = {
			isa = PBXSourcesBuildPhase;
			buildActionMask = 2147483647;
			files = (
				3B864235251377E1008AB856 /* User.swift in Sources */,
				3B86423325136812008AB856 /* Date+Extension.swift in Sources */,
				3B70AC1F251C6B8C00DA6B8C /* Emoticon.swift in Sources */,
				3BA874B82509FF21006710BC /* VisitorView.swift in Sources */,
				CC10E73F1E076D0500DF6DE7 /* MainViewController.swift in Sources */,
				3B70AC25251C806F00DA6B8C /* EmoticonViewCell.swift in Sources */,
				3BABA188251AB74C00CF7F6D /* ComposeTitleView.swift in Sources */,
				3BBD16E2250B570400F3D6FF /* UIBarButtonItem-Extension.swift in Sources */,
				3BA874B12509019E006710BC /* UIButton-Extension.swift in Sources */,
				3B578FBF2511A9DB00C0D55C /* UserAccount.swift in Sources */,
				3B70AC27251DC92900DA6B8C /* EmoticonAttachment.swift in Sources */,
				3B86423725137FEF008AB856 /* StatusViewModel.swift in Sources */,
				3B70AC1D251C6B7700DA6B8C /* EmoticonManager.swift in Sources */,
				3B578FB72510DB4C00C0D55C /* Common.swift in Sources */,
				3B86423D25148FEC008AB856 /* HomeViewCell.swift in Sources */,
				CC10E7411E076D1600DF6DE7 /* ProfileViewController.swift in Sources */,
				CC8C1F0E1E06C5AC00FF3B3E /* AppDelegate.swift in Sources */,
				3B95F577250F4D8C00A3B843 /* PopoverAnimator.swift in Sources */,
				CC10E7451E076D3A00DF6DE7 /* MessageViewController.swift in Sources */,
				3BABA192251B743900CF7F6D /* EmoticonViewController.swift in Sources */,
				3BE13D21251236E000B0D977 /* NetworkTools.swift in Sources */,
				3BABA183251A2C0100CF7F6D /* ComposeViewController.swift in Sources */,
				3BE13D262512FD5500B0D977 /* Status.swift in Sources */,
				3BA874B62509FDFE006710BC /* BaseViewController.swift in Sources */,
				3B578FB92510E14E00C0D55C /* MBProgressHUD-Extension.swift in Sources */,
				3B3833A525021F0900195410 /* RedViewController.swift in Sources */,
				3B578FC52512015900C0D55C /* WelcomeViewController.swift in Sources */,
				3BABA186251AB72700CF7F6D /* ComposeTextView.swift in Sources */,
				3B70AC21251C6B9E00DA6B8C /* EmoticonPackage.swift in Sources */,
				3B578FB42510D4D400C0D55C /* OAuthViewController.swift in Sources */,
				3BABA18B251B1E0A00CF7F6D /* PicPickerCollectionView.swift in Sources */,
				3BBD16E9250B6DCE00F3D6FF /* PopoverViewController.swift in Sources */,
				3BDF45D925189E430078D957 /* PictureCollectionView.swift in Sources */,
				CC10E7471E076D4400DF6DE7 /* HomeViewController.swift in Sources */,
				3B95F575250F050C00A3B843 /* MGPresentationController.swift in Sources */,
				3BABA18E251B46D300CF7F6D /* PicPickerViewCell.swift in Sources */,
				CC10E7431E076D2C00DF6DE7 /* DiscoverViewController.swift in Sources */,
				3B578FC12511FA9F00C0D55C /* UserAccountViewModel.swift in Sources */,
				3BBD16E5250B5D5300F3D6FF /* TitleButton.swift in Sources */,
				3B3833A3250218C900195410 /* HttpTool.swift in Sources */,
			);
			runOnlyForDeploymentPostprocessing = 0;
		};
/* End PBXSourcesBuildPhase section */

/* Begin XCBuildConfiguration section */
		CC8C1F1A1E06C5AC00FF3B3E /* Debug */ = {
			isa = XCBuildConfiguration;
			buildSettings = {
				ALWAYS_SEARCH_USER_PATHS = NO;
				CLANG_ANALYZER_LOCALIZABILITY_NONLOCALIZED = YES;
				CLANG_ANALYZER_NONNULL = YES;
				CLANG_CXX_LANGUAGE_STANDARD = "gnu++0x";
				CLANG_CXX_LIBRARY = "libc++";
				CLANG_ENABLE_MODULES = YES;
				CLANG_ENABLE_OBJC_ARC = YES;
				CLANG_WARN_BLOCK_CAPTURE_AUTORELEASING = YES;
				CLANG_WARN_BOOL_CONVERSION = YES;
				CLANG_WARN_COMMA = YES;
				CLANG_WARN_CONSTANT_CONVERSION = YES;
				CLANG_WARN_DEPRECATED_OBJC_IMPLEMENTATIONS = YES;
				CLANG_WARN_DIRECT_OBJC_ISA_USAGE = YES_ERROR;
				CLANG_WARN_DOCUMENTATION_COMMENTS = YES;
				CLANG_WARN_EMPTY_BODY = YES;
				CLANG_WARN_ENUM_CONVERSION = YES;
				CLANG_WARN_INFINITE_RECURSION = YES;
				CLANG_WARN_INT_CONVERSION = YES;
				CLANG_WARN_NON_LITERAL_NULL_CONVERSION = YES;
				CLANG_WARN_OBJC_IMPLICIT_RETAIN_SELF = YES;
				CLANG_WARN_OBJC_LITERAL_CONVERSION = YES;
				CLANG_WARN_OBJC_ROOT_CLASS = YES_ERROR;
				CLANG_WARN_RANGE_LOOP_ANALYSIS = YES;
				CLANG_WARN_STRICT_PROTOTYPES = YES;
				CLANG_WARN_SUSPICIOUS_MOVE = YES;
				CLANG_WARN_UNREACHABLE_CODE = YES;
				CLANG_WARN__DUPLICATE_METHOD_MATCH = YES;
				"CODE_SIGN_IDENTITY[sdk=iphoneos*]" = "iPhone Developer";
				COPY_PHASE_STRIP = NO;
				DEBUG_INFORMATION_FORMAT = dwarf;
				ENABLE_STRICT_OBJC_MSGSEND = YES;
				ENABLE_TESTABILITY = YES;
				GCC_C_LANGUAGE_STANDARD = gnu99;
				GCC_DYNAMIC_NO_PIC = NO;
				GCC_NO_COMMON_BLOCKS = YES;
				GCC_OPTIMIZATION_LEVEL = 0;
				GCC_PREPROCESSOR_DEFINITIONS = (
					"DEBUG=1",
					"$(inherited)",
				);
				GCC_WARN_64_TO_32_BIT_CONVERSION = YES;
				GCC_WARN_ABOUT_RETURN_TYPE = YES_ERROR;
				GCC_WARN_UNDECLARED_SELECTOR = YES;
				GCC_WARN_UNINITIALIZED_AUTOS = YES_AGGRESSIVE;
				GCC_WARN_UNUSED_FUNCTION = YES;
				GCC_WARN_UNUSED_VARIABLE = YES;
				IPHONEOS_DEPLOYMENT_TARGET = 10.2;
				MTL_ENABLE_DEBUG_INFO = YES;
				ONLY_ACTIVE_ARCH = YES;
				SDKROOT = iphoneos;
				SWIFT_ACTIVE_COMPILATION_CONDITIONS = DEBUG;
				SWIFT_OPTIMIZATION_LEVEL = "-Onone";
			};
			name = Debug;
		};
		CC8C1F1B1E06C5AC00FF3B3E /* Release */ = {
			isa = XCBuildConfiguration;
			buildSettings = {
				ALWAYS_SEARCH_USER_PATHS = NO;
				CLANG_ANALYZER_LOCALIZABILITY_NONLOCALIZED = YES;
				CLANG_ANALYZER_NONNULL = YES;
				CLANG_CXX_LANGUAGE_STANDARD = "gnu++0x";
				CLANG_CXX_LIBRARY = "libc++";
				CLANG_ENABLE_MODULES = YES;
				CLANG_ENABLE_OBJC_ARC = YES;
				CLANG_WARN_BLOCK_CAPTURE_AUTORELEASING = YES;
				CLANG_WARN_BOOL_CONVERSION = YES;
				CLANG_WARN_COMMA = YES;
				CLANG_WARN_CONSTANT_CONVERSION = YES;
				CLANG_WARN_DEPRECATED_OBJC_IMPLEMENTATIONS = YES;
				CLANG_WARN_DIRECT_OBJC_ISA_USAGE = YES_ERROR;
				CLANG_WARN_DOCUMENTATION_COMMENTS = YES;
				CLANG_WARN_EMPTY_BODY = YES;
				CLANG_WARN_ENUM_CONVERSION = YES;
				CLANG_WARN_INFINITE_RECURSION = YES;
				CLANG_WARN_INT_CONVERSION = YES;
				CLANG_WARN_NON_LITERAL_NULL_CONVERSION = YES;
				CLANG_WARN_OBJC_IMPLICIT_RETAIN_SELF = YES;
				CLANG_WARN_OBJC_LITERAL_CONVERSION = YES;
				CLANG_WARN_OBJC_ROOT_CLASS = YES_ERROR;
				CLANG_WARN_RANGE_LOOP_ANALYSIS = YES;
				CLANG_WARN_STRICT_PROTOTYPES = YES;
				CLANG_WARN_SUSPICIOUS_MOVE = YES;
				CLANG_WARN_UNREACHABLE_CODE = YES;
				CLANG_WARN__DUPLICATE_METHOD_MATCH = YES;
				"CODE_SIGN_IDENTITY[sdk=iphoneos*]" = "iPhone Developer";
				COPY_PHASE_STRIP = NO;
				DEBUG_INFORMATION_FORMAT = "dwarf-with-dsym";
				ENABLE_NS_ASSERTIONS = NO;
				ENABLE_STRICT_OBJC_MSGSEND = YES;
				GCC_C_LANGUAGE_STANDARD = gnu99;
				GCC_NO_COMMON_BLOCKS = YES;
				GCC_WARN_64_TO_32_BIT_CONVERSION = YES;
				GCC_WARN_ABOUT_RETURN_TYPE = YES_ERROR;
				GCC_WARN_UNDECLARED_SELECTOR = YES;
				GCC_WARN_UNINITIALIZED_AUTOS = YES_AGGRESSIVE;
				GCC_WARN_UNUSED_FUNCTION = YES;
				GCC_WARN_UNUSED_VARIABLE = YES;
				IPHONEOS_DEPLOYMENT_TARGET = 10.2;
				MTL_ENABLE_DEBUG_INFO = NO;
				SDKROOT = iphoneos;
				SWIFT_COMPILATION_MODE = wholemodule;
				SWIFT_OPTIMIZATION_LEVEL = "-O";
				VALIDATE_PRODUCT = YES;
			};
			name = Release;
		};
		CC8C1F1D1E06C5AC00FF3B3E /* Debug */ = {
			isa = XCBuildConfiguration;
			baseConfigurationReference = 6C9D21D324186670112CB958 /* Pods-MGWeiBo2.debug.xcconfig */;
			buildSettings = {
				ASSETCATALOG_COMPILER_APPICON_NAME = AppIcon;
				ASSETCATALOG_COMPILER_LAUNCHIMAGE_NAME = "";
				CURRENT_PROJECT_VERSION = 1.2;
				DEVELOPMENT_TEAM = YEH9VENLMS;
				INFOPLIST_FILE = "MGWeiBo2/Supporting Files/Info.plist";
				IPHONEOS_DEPLOYMENT_TARGET = 9.2;
				LD_RUNPATH_SEARCH_PATHS = (
					"$(inherited)",
					"@executable_path/Frameworks",
				);
				MARKETING_VERSION = 1.2;
				OTHER_SWIFT_FLAGS = "-D DEBUG";
				PRODUCT_BUNDLE_IDENTIFIER = com.mg.MGWeiBo2;
				PRODUCT_NAME = "微博2";
				SWIFT_ACTIVE_COMPILATION_CONDITIONS = "";
				SWIFT_VERSION = 5.0;
			};
			name = Debug;
		};
		CC8C1F1E1E06C5AC00FF3B3E /* Release */ = {
			isa = XCBuildConfiguration;
			baseConfigurationReference = 408DF2B97776D64A3F63A26F /* Pods-MGWeiBo2.release.xcconfig */;
			buildSettings = {
				ASSETCATALOG_COMPILER_APPICON_NAME = AppIcon;
				ASSETCATALOG_COMPILER_LAUNCHIMAGE_NAME = "";
				CURRENT_PROJECT_VERSION = 1.2;
				DEVELOPMENT_TEAM = YEH9VENLMS;
				INFOPLIST_FILE = "MGWeiBo2/Supporting Files/Info.plist";
				IPHONEOS_DEPLOYMENT_TARGET = 9.2;
				LD_RUNPATH_SEARCH_PATHS = (
					"$(inherited)",
					"@executable_path/Frameworks",
				);
				MARKETING_VERSION = 1.2;
				PRODUCT_BUNDLE_IDENTIFIER = com.mg.MGWeiBo2;
				PRODUCT_NAME = "微博2";
				SWIFT_VERSION = 5.0;
			};
			name = Release;
		};
/* End XCBuildConfiguration section */

/* Begin XCConfigurationList section */
		CC8C1F051E06C5AC00FF3B3E /* Build configuration list for PBXProject "MGWeiBo2" */ = {
			isa = XCConfigurationList;
			buildConfigurations = (
				CC8C1F1A1E06C5AC00FF3B3E /* Debug */,
				CC8C1F1B1E06C5AC00FF3B3E /* Release */,
			);
			defaultConfigurationIsVisible = 0;
			defaultConfigurationName = Release;
		};
		CC8C1F1C1E06C5AC00FF3B3E /* Build configuration list for PBXNativeTarget "MGWeiBo2" */ = {
			isa = XCConfigurationList;
			buildConfigurations = (
				CC8C1F1D1E06C5AC00FF3B3E /* Debug */,
				CC8C1F1E1E06C5AC00FF3B3E /* Release */,
			);
			defaultConfigurationIsVisible = 0;
			defaultConfigurationName = Release;
		};
/* End XCConfigurationList section */
	};
	rootObject = CC8C1F021E06C5AC00FF3B3E /* Project object */;
}
